// !$*UTF8*$!
{
	archiveVersion = 1;
	classes = {
	};
	objectVersion = 55;
	objects = {

/* Begin PBXBuildFile section */
		82E06AEA28CBC08000373264 /* AppDelegate.swift in Sources */ = {isa = PBXBuildFile; fileRef = 82E06AE928CBC08000373264 /* AppDelegate.swift */; };
		82E06AEC28CBC08000373264 /* SceneDelegate.swift in Sources */ = {isa = PBXBuildFile; fileRef = 82E06AEB28CBC08000373264 /* SceneDelegate.swift */; };
		82E06AEE28CBC08000373264 /* MealVC.swift in Sources */ = {isa = PBXBuildFile; fileRef = 82E06AED28CBC08000373264 /* MealVC.swift */; };
		82E06AF128CBC08000373264 /* Main.storyboard in Resources */ = {isa = PBXBuildFile; fileRef = 82E06AEF28CBC08000373264 /* Main.storyboard */; };
		82E06AF328CBC08100373264 /* Assets.xcassets in Resources */ = {isa = PBXBuildFile; fileRef = 82E06AF228CBC08100373264 /* Assets.xcassets */; };
		82E06AF628CBC08100373264 /* LaunchScreen.storyboard in Resources */ = {isa = PBXBuildFile; fileRef = 82E06AF428CBC08100373264 /* LaunchScreen.storyboard */; };
		82E06AFE28CBD38000373264 /* DetailVC.swift in Sources */ = {isa = PBXBuildFile; fileRef = 82E06AFD28CBD38000373264 /* DetailVC.swift */; };
		82E06B0028CC569600373264 /* Meals.swift in Sources */ = {isa = PBXBuildFile; fileRef = 82E06AFF28CC569600373264 /* Meals.swift */; };
		82E06B0228CD976500373264 /* Meal.swift in Sources */ = {isa = PBXBuildFile; fileRef = 82E06B0128CD976500373264 /* Meal.swift */; };
/* End PBXBuildFile section */

/* Begin PBXFileReference section */
		82E06AE628CBC08000373264 /* MealBuddy.app */ = {isa = PBXFileReference; explicitFileType = wrapper.application; includeInIndex = 0; path = MealBuddy.app; sourceTree = BUILT_PRODUCTS_DIR; };
		82E06AE928CBC08000373264 /* AppDelegate.swift */ = {isa = PBXFileReference; lastKnownFileType = sourcecode.swift; path = AppDelegate.swift; sourceTree = "<group>"; };
		82E06AEB28CBC08000373264 /* SceneDelegate.swift */ = {isa = PBXFileReference; lastKnownFileType = sourcecode.swift; path = SceneDelegate.swift; sourceTree = "<group>"; };
		82E06AED28CBC08000373264 /* MealVC.swift */ = {isa = PBXFileReference; lastKnownFileType = sourcecode.swift; path = MealVC.swift; sourceTree = "<group>"; };
		82E06AF028CBC08000373264 /* Base */ = {isa = PBXFileReference; lastKnownFileType = file.storyboard; name = Base; path = Base.lproj/Main.storyboard; sourceTree = "<group>"; };
		82E06AF228CBC08100373264 /* Assets.xcassets */ = {isa = PBXFileReference; lastKnownFileType = folder.assetcatalog; path = Assets.xcassets; sourceTree = "<group>"; };
		82E06AF528CBC08100373264 /* Base */ = {isa = PBXFileReference; lastKnownFileType = file.storyboard; name = Base; path = Base.lproj/LaunchScreen.storyboard; sourceTree = "<group>"; };
		82E06AF728CBC08100373264 /* Info.plist */ = {isa = PBXFileReference; lastKnownFileType = text.plist.xml; path = Info.plist; sourceTree = "<group>"; };
		82E06AFD28CBD38000373264 /* DetailVC.swift */ = {isa = PBXFileReference; lastKnownFileType = sourcecode.swift; path = DetailVC.swift; sourceTree = "<group>"; };
		82E06AFF28CC569600373264 /* Meals.swift */ = {isa = PBXFileReference; lastKnownFileType = sourcecode.swift; path = Meals.swift; sourceTree = "<group>"; };
		82E06B0128CD976500373264 /* Meal.swift */ = {isa = PBXFileReference; lastKnownFileType = sourcecode.swift; path = Meal.swift; sourceTree = "<group>"; };
/* End PBXFileReference section */

/* Begin PBXFrameworksBuildPhase section */
		82E06AE328CBC08000373264 /* Frameworks */ = {
			isa = PBXFrameworksBuildPhase;
			buildActionMask = 2147483647;
			files = (
			);
			runOnlyForDeploymentPostprocessing = 0;
		};
/* End PBXFrameworksBuildPhase section */

/* Begin PBXGroup section */
		82E06ADD28CBC08000373264 = {
			isa = PBXGroup;
			children = (
				82E06AE828CBC08000373264 /* MealBuddy */,
				82E06AE728CBC08000373264 /* Products */,
			);
			sourceTree = "<group>";
		};
		82E06AE728CBC08000373264 /* Products */ = {
			isa = PBXGroup;
			children = (
				82E06AE628CBC08000373264 /* MealBuddy.app */,
			);
			name = Products;
			sourceTree = "<group>";
		};
		82E06AE828CBC08000373264 /* MealBuddy */ = {
			isa = PBXGroup;
			children = (
				82E06AE928CBC08000373264 /* AppDelegate.swift */,
				82E06AEB28CBC08000373264 /* SceneDelegate.swift */,
				82E06AED28CBC08000373264 /* MealVC.swift */,
				82E06AFD28CBD38000373264 /* DetailVC.swift */,
				82E06AEF28CBC08000373264 /* Main.storyboard */,
				82E06AF228CBC08100373264 /* Assets.xcassets */,
				82E06AF428CBC08100373264 /* LaunchScreen.storyboard */,
				82E06AF728CBC08100373264 /* Info.plist */,
				82E06AFF28CC569600373264 /* Meals.swift */,
				82E06B0128CD976500373264 /* Meal.swift */,
			);
			path = MealBuddy;
			sourceTree = "<group>";
		};
/* End PBXGroup section */

/* Begin PBXNativeTarget section */
		82E06AE528CBC08000373264 /* MealBuddy */ = {
			isa = PBXNativeTarget;
			buildConfigurationList = 82E06AFA28CBC08100373264 /* Build configuration list for PBXNativeTarget "MealBuddy" */;
			buildPhases = (
				82E06AE228CBC08000373264 /* Sources */,
				82E06AE328CBC08000373264 /* Frameworks */,
				82E06AE428CBC08000373264 /* Resources */,
			);
			buildRules = (
			);
			dependencies = (
			);
			name = MealBuddy;
			productName = MealBuddy;
			productReference = 82E06AE628CBC08000373264 /* MealBuddy.app */;
			productType = "com.apple.product-type.application";
		};
/* End PBXNativeTarget section */

/* Begin PBXProject section */
		82E06ADE28CBC08000373264 /* Project object */ = {
			isa = PBXProject;
			attributes = {
				BuildIndependentTargetsInParallel = 1;
				LastSwiftUpdateCheck = 1340;
				LastUpgradeCheck = 1340;
				TargetAttributes = {
					82E06AE528CBC08000373264 = {
						CreatedOnToolsVersion = 13.4.1;
					};
				};
			};
			buildConfigurationList = 82E06AE128CBC08000373264 /* Build configuration list for PBXProject "MealBuddy" */;
			compatibilityVersion = "Xcode 13.0";
			developmentRegion = en;
			hasScannedForEncodings = 0;
			knownRegions = (
				en,
				Base,
			);
			mainGroup = 82E06ADD28CBC08000373264;
			productRefGroup = 82E06AE728CBC08000373264 /* Products */;
			projectDirPath = "";
			projectRoot = "";
			targets = (
				82E06AE528CBC08000373264 /* MealBuddy */,
			);
		};
/* End PBXProject section */

/* Begin PBXResourcesBuildPhase section */
		82E06AE428CBC08000373264 /* Resources */ = {
			isa = PBXResourcesBuildPhase;
			buildActionMask = 2147483647;
			files = (
				82E06AF628CBC08100373264 /* LaunchScreen.storyboard in Resources */,
				82E06AF328CBC08100373264 /* Assets.xcassets in Resources */,
				82E06AF128CBC08000373264 /* Main.storyboard in Resources */,
			);
			runOnlyForDeploymentPostprocessing = 0;
		};
/* End PBXResourcesBuildPhase section */

/* Begin PBXSourcesBuildPhase section */
		82E06AE228CBC08000373264 /* Sources */ = {
			isa = PBXSourcesBuildPhase;
			buildActionMask = 2147483647;
			files = (
				82E06B0028CC569600373264 /* Meals.swift in Sources */,
				82E06AEE28CBC08000373264 /* MealVC.swift in Sources */,
				82E06AFE28CBD38000373264 /* DetailVC.swift in Sources */,
				82E06AEA28CBC08000373264 /* AppDelegate.swift in Sources */,
				82E06B0228CD976500373264 /* Meal.swift in Sources */,
				82E06AEC28CBC08000373264 /* SceneDelegate.swift in Sources */,
			);
			runOnlyForDeploymentPostprocessing = 0;
		};
/* End PBXSourcesBuildPhase section */

/* Begin PBXVariantGroup section */
		82E06AEF28CBC08000373264 /* Main.storyboard */ = {
			isa = PBXVariantGroup;
			children = (
				82E06AF028CBC08000373264 /* Base */,
			);
			name = Main.storyboard;
			sourceTree = "<group>";
		};
		82E06AF428CBC08100373264 /* LaunchScreen.storyboard */ = {
			isa = PBXVariantGroup;
			children = (
				82E06AF528CBC08100373264 /* Base */,
			);
			name = LaunchScreen.storyboard;
			sourceTree = "<group>";
		};
/* End PBXVariantGroup section */

/* Begin XCBuildConfiguration section */
		82E06AF828CBC08100373264 /* Debug */ = {
			isa = XCBuildConfiguration;
			buildSettings = {
				ALWAYS_SEARCH_USER_PATHS = NO;
				CLANG_ANALYZER_NONNULL = YES;
				CLANG_ANALYZER_NUMBER_OBJECT_CONVERSION = YES_AGGRESSIVE;
				CLANG_CXX_LANGUAGE_STANDARD = "gnu++17";
				CLANG_ENABLE_MODULES = YES;
				CLANG_ENABLE_OBJC_ARC = YES;
				CLANG_ENABLE_OBJC_WEAK = YES;
				CLANG_WARN_BLOCK_CAPTURE_AUTORELEASING = YES;
				CLANG_WARN_BOOL_CONVERSION = YES;
				CLANG_WARN_COMMA = YES;
				CLANG_WARN_CONSTANT_CONVERSION = YES;
				CLANG_WARN_DEPRECATED_OBJC_IMPLEMENTATIONS = YES;
				CLANG_WARN_DIRECT_OBJC_ISA_USAGE = YES_ERROR;
				CLANG_WARN_DOCUMENTATION_COMMENTS = YES;
				CLANG_WARN_EMPTY_BODY = YES;
				CLANG_WARN_ENUM_CONVERSION = YES;
				CLANG_WARN_INFINITE_RECURSION = YES;
				CLANG_WARN_INT_CONVERSION = YES;
				CLANG_WARN_NON_LITERAL_NULL_CONVERSION = YES;
				CLANG_WARN_OBJC_IMPLICIT_RETAIN_SELF = YES;
				CLANG_WARN_OBJC_LITERAL_CONVERSION = YES;
				CLANG_WARN_OBJC_ROOT_CLASS = YES_ERROR;
				CLANG_WARN_QUOTED_INCLUDE_IN_FRAMEWORK_HEADER = YES;
				CLANG_WARN_RANGE_LOOP_ANALYSIS = YES;
				CLANG_WARN_STRICT_PROTOTYPES = YES;
				CLANG_WARN_SUSPICIOUS_MOVE = YES;
				CLANG_WARN_UNGUARDED_AVAILABILITY = YES_AGGRESSIVE;
				CLANG_WARN_UNREACHABLE_CODE = YES;
				CLANG_WARN__DUPLICATE_METHOD_MATCH = YES;
				COPY_PHASE_STRIP = NO;
				DEBUG_INFORMATION_FORMAT = dwarf;
				ENABLE_STRICT_OBJC_MSGSEND = YES;
				ENABLE_TESTABILITY = YES;
				GCC_C_LANGUAGE_STANDARD = gnu11;
				GCC_DYNAMIC_NO_PIC = NO;
				GCC_NO_COMMON_BLOCKS = YES;
				GCC_OPTIMIZATION_LEVEL = 0;
				GCC_PREPROCESSOR_DEFINITIONS = (
					"DEBUG=1",
					"$(inherited)",
				);
				GCC_WARN_64_TO_32_BIT_CONVERSION = YES;
				GCC_WARN_ABOUT_RETURN_TYPE = YES_ERROR;
				GCC_WARN_UNDECLARED_SELECTOR = YES;
				GCC_WARN_UNINITIALIZED_AUTOS = YES_AGGRESSIVE;
				GCC_WARN_UNUSED_FUNCTION = YES;
				GCC_WARN_UNUSED_VARIABLE = YES;
				IPHONEOS_DEPLOYMENT_TARGET = 15.5;
				MTL_ENABLE_DEBUG_INFO = INCLUDE_SOURCE;
				MTL_FAST_MATH = YES;
				ONLY_ACTIVE_ARCH = YES;
				SDKROOT = iphoneos;
				SWIFT_ACTIVE_COMPILATION_CONDITIONS = DEBUG;
				SWIFT_OPTIMIZATION_LEVEL = "-Onone";
			};
			name = Debug;
		};
		82E06AF928CBC08100373264 /* Release */ = {
			isa = XCBuildConfiguration;
			buildSettings = {
				ALWAYS_SEARCH_USER_PATHS = NO;
				CLANG_ANALYZER_NONNULL = YES;
				CLANG_ANALYZER_NUMBER_OBJECT_CONVERSION = YES_AGGRESSIVE;
				CLANG_CXX_LANGUAGE_STANDARD = "gnu++17";
				CLANG_ENABLE_MODULES = YES;
				CLANG_ENABLE_OBJC_ARC = YES;
				CLANG_ENABLE_OBJC_WEAK = YES;
				CLANG_WARN_BLOCK_CAPTURE_AUTORELEASING = YES;
				CLANG_WARN_BOOL_CONVERSION = YES;
				CLANG_WARN_COMMA = YES;
				CLANG_WARN_CONSTANT_CONVERSION = YES;
				CLANG_WARN_DEPRECATED_OBJC_IMPLEMENTATIONS = YES;
				CLANG_WARN_DIRECT_OBJC_ISA_USAGE = YES_ERROR;
				CLANG_WARN_DOCUMENTATION_COMMENTS = YES;
				CLANG_WARN_EMPTY_BODY = YES;
				CLANG_WARN_ENUM_CONVERSION = YES;
				CLANG_WARN_INFINITE_RECURSION = YES;
				CLANG_WARN_INT_CONVERSION = YES;
				CLANG_WARN_NON_LITERAL_NULL_CONVERSION = YES;
				CLANG_WARN_OBJC_IMPLICIT_RETAIN_SELF = YES;
				CLANG_WARN_OBJC_LITERAL_CONVERSION = YES;
				CLANG_WARN_OBJC_ROOT_CLASS = YES_ERROR;
				CLANG_WARN_QUOTED_INCLUDE_IN_FRAMEWORK_HEADER = YES;
				CLANG_WARN_RANGE_LOOP_ANALYSIS = YES;
				CLANG_WARN_STRICT_PROTOTYPES = YES;
				CLANG_WARN_SUSPICIOUS_MOVE = YES;
				CLANG_WARN_UNGUARDED_AVAILABILITY = YES_AGGRESSIVE;
				CLANG_WARN_UNREACHABLE_CODE = YES;
				CLANG_WARN__DUPLICATE_METHOD_MATCH = YES;
				COPY_PHASE_STRIP = NO;
				DEBUG_INFORMATION_FORMAT = "dwarf-with-dsym";
				ENABLE_NS_ASSERTIONS = NO;
				ENABLE_STRICT_OBJC_MSGSEND = YES;
				GCC_C_LANGUAGE_STANDARD = gnu11;
				GCC_NO_COMMON_BLOCKS = YES;
				GCC_WARN_64_TO_32_BIT_CONVERSION = YES;
				GCC_WARN_ABOUT_RETURN_TYPE = YES_ERROR;
				GCC_WARN_UNDECLARED_SELECTOR = YES;
				GCC_WARN_UNINITIALIZED_AUTOS = YES_AGGRESSIVE;
				GCC_WARN_UNUSED_FUNCTION = YES;
				GCC_WARN_UNUSED_VARIABLE = YES;
				IPHONEOS_DEPLOYMENT_TARGET = 15.5;
				MTL_ENABLE_DEBUG_INFO = NO;
				MTL_FAST_MATH = YES;
				SDKROOT = iphoneos;
				SWIFT_COMPILATION_MODE = wholemodule;
				SWIFT_OPTIMIZATION_LEVEL = "-O";
				VALIDATE_PRODUCT = YES;
			};
			name = Release;
		};
		82E06AFB28CBC08100373264 /* Debug */ = {
			isa = XCBuildConfiguration;
			buildSettings = {
				ASSETCATALOG_COMPILER_APPICON_NAME = AppIcon;
				ASSETCATALOG_COMPILER_GLOBAL_ACCENT_COLOR_NAME = AccentColor;
				CODE_SIGN_STYLE = Automatic;
				CURRENT_PROJECT_VERSION = 1;
				DEVELOPMENT_TEAM = B4S3BTC38H;
				GENERATE_INFOPLIST_FILE = YES;
				INFOPLIST_FILE = MealBuddy/Info.plist;
				INFOPLIST_KEY_UIApplicationSupportsIndirectInputEvents = YES;
				INFOPLIST_KEY_UILaunchStoryboardName = LaunchScreen;
				INFOPLIST_KEY_UIMainStoryboardFile = Main;
				INFOPLIST_KEY_UISupportedInterfaceOrientations_iPad = "UIInterfaceOrientationPortrait UIInterfaceOrientationPortraitUpsideDown UIInterfaceOrientationLandscapeLeft UIInterfaceOrientationLandscapeRight";
				INFOPLIST_KEY_UISupportedInterfaceOrientations_iPhone = "UIInterfaceOrientationPortrait UIInterfaceOrientationLandscapeLeft UIInterfaceOrientationLandscapeRight";
				IPHONEOS_DEPLOYMENT_TARGET = 13.0;
				LD_RUNPATH_SEARCH_PATHS = (
					"$(inherited)",
					"@executable_path/Frameworks",
				);
				MARKETING_VERSION = 1.0;
				PRODUCT_BUNDLE_IDENTIFIER = andrewmuniz.MealBuddy;
				PRODUCT_NAME = "$(TARGET_NAME)";
				SWIFT_EMIT_LOC_STRINGS = YES;
				SWIFT_VERSION = 5.0;
				TARGETED_DEVICE_FAMILY = 1;
			};
			name = Debug;
		};
		82E06AFC28CBC08100373264 /* Release */ = {
			isa = XCBuildConfiguration;
			buildSettings = {
				ASSETCATALOG_COMPILER_APPICON_NAME = AppIcon;
				ASSETCATALOG_COMPILER_GLOBAL_ACCENT_COLOR_NAME = AccentColor;
				CODE_SIGN_STYLE = Automatic;
				CURRENT_PROJECT_VERSION = 1;
				DEVELOPMENT_TEAM = B4S3BTC38H;
				GENERATE_INFOPLIST_FILE = YES;
				INFOPLIST_FILE = MealBuddy/Info.plist;
				INFOPLIST_KEY_UIApplicationSupportsIndirectInputEvents = YES;
				INFOPLIST_KEY_UILaunchStoryboardName = LaunchScreen;
				INFOPLIST_KEY_UIMainStoryboardFile = Main;
				INFOPLIST_KEY_UISupportedInterfaceOrientations_iPad = "UIInterfaceOrientationPortrait UIInterfaceOrientationPortraitUpsideDown UIInterfaceOrientationLandscapeLeft UIInterfaceOrientationLandscapeRight";
				INFOPLIST_KEY_UISupportedInterfaceOrientations_iPhone = "UIInterfaceOrientationPortrait UIInterfaceOrientationLandscapeLeft UIInterfaceOrientationLandscapeRight";
				IPHONEOS_DEPLOYMENT_TARGET = 13.0;
				LD_RUNPATH_SEARCH_PATHS = (
					"$(inherited)",
					"@executable_path/Frameworks",
				);
				MARKETING_VERSION = 1.0;
				PRODUCT_BUNDLE_IDENTIFIER = andrewmuniz.MealBuddy;
				PRODUCT_NAME = "$(TARGET_NAME)";
				SWIFT_EMIT_LOC_STRINGS = YES;
				SWIFT_VERSION = 5.0;
				TARGETED_DEVICE_FAMILY = 1;
			};
			name = Release;
		};
/* End XCBuildConfiguration section */

/* Begin XCConfigurationList section */
		82E06AE128CBC08000373264 /* Build configuration list for PBXProject "MealBuddy" */ = {
			isa = XCConfigurationList;
			buildConfigurations = (
				82E06AF828CBC08100373264 /* Debug */,
				82E06AF928CBC08100373264 /* Release */,
			);
			defaultConfigurationIsVisible = 0;
			defaultConfigurationName = Release;
		};
		82E06AFA28CBC08100373264 /* Build configuration list for PBXNativeTarget "MealBuddy" */ = {
			isa = XCConfigurationList;
			buildConfigurations = (
				82E06AFB28CBC08100373264 /* Debug */,
				82E06AFC28CBC08100373264 /* Release */,
			);
			defaultConfigurationIsVisible = 0;
			defaultConfigurationName = Release;
		};
/* End XCConfigurationList section */
	};
	rootObject = 82E06ADE28CBC08000373264 /* Project object */;
}
